// !$*UTF8*$!
{
	archiveVersion = 1;
	classes = {
	};
	objectVersion = 46;
	objects = {

/* Begin PBXBuildFile section */
		E14EC5251AB13DC40060F45A /* AppDelegate.swift in Sources */ = {isa = PBXBuildFile; fileRef = E14EC5241AB13DC40060F45A /* AppDelegate.swift */; };
		E14EC5271AB13DC40060F45A /* ViewController.swift in Sources */ = {isa = PBXBuildFile; fileRef = E14EC5261AB13DC40060F45A /* ViewController.swift */; };
		E14EC52A1AB13DC40060F45A /* Main.storyboard in Resources */ = {isa = PBXBuildFile; fileRef = E14EC5281AB13DC40060F45A /* Main.storyboard */; };
		E14EC52C1AB13DC40060F45A /* Images.xcassets in Resources */ = {isa = PBXBuildFile; fileRef = E14EC52B1AB13DC40060F45A /* Images.xcassets */; };
		E14EC52F1AB13DC40060F45A /* LaunchScreen.xib in Resources */ = {isa = PBXBuildFile; fileRef = E14EC52D1AB13DC40060F45A /* LaunchScreen.xib */; };
		E14EC53B1AB13DC40060F45A /* GoGameTests.swift in Sources */ = {isa = PBXBuildFile; fileRef = E14EC53A1AB13DC40060F45A /* GoGameTests.swift */; };
		E14EC5451AB13FDE0060F45A /* GoLogic.swift in Sources */ = {isa = PBXBuildFile; fileRef = E14EC5441AB13FDE0060F45A /* GoLogic.swift */; };
		E14EC5471AB3E7ED0060F45A /* GoBoard.swift in Sources */ = {isa = PBXBuildFile; fileRef = E14EC5461AB3E7ED0060F45A /* GoBoard.swift */; };
/* End PBXBuildFile section */

/* Begin PBXContainerItemProxy section */
		E14EC5351AB13DC40060F45A /* PBXContainerItemProxy */ = {
			isa = PBXContainerItemProxy;
			containerPortal = E14EC5171AB13DC40060F45A /* Project object */;
			proxyType = 1;
			remoteGlobalIDString = E14EC51E1AB13DC40060F45A;
			remoteInfo = GoGame;
		};
/* End PBXContainerItemProxy section */

/* Begin PBXFileReference section */
		E14EC51F1AB13DC40060F45A /* GoGame.app */ = {isa = PBXFileReference; explicitFileType = wrapper.application; includeInIndex = 0; path = GoGame.app; sourceTree = BUILT_PRODUCTS_DIR; };
		E14EC5231AB13DC40060F45A /* Info.plist */ = {isa = PBXFileReference; lastKnownFileType = text.plist.xml; path = Info.plist; sourceTree = "<group>"; };
		E14EC5241AB13DC40060F45A /* AppDelegate.swift */ = {isa = PBXFileReference; lastKnownFileType = sourcecode.swift; path = AppDelegate.swift; sourceTree = "<group>"; };
		E14EC5261AB13DC40060F45A /* ViewController.swift */ = {isa = PBXFileReference; lastKnownFileType = sourcecode.swift; path = ViewController.swift; sourceTree = "<group>"; };
		E14EC5291AB13DC40060F45A /* Base */ = {isa = PBXFileReference; lastKnownFileType = file.storyboard; name = Base; path = Base.lproj/Main.storyboard; sourceTree = "<group>"; };
		E14EC52B1AB13DC40060F45A /* Images.xcassets */ = {isa = PBXFileReference; lastKnownFileType = folder.assetcatalog; path = Images.xcassets; sourceTree = "<group>"; };
		E14EC52E1AB13DC40060F45A /* Base */ = {isa = PBXFileReference; lastKnownFileType = file.xib; name = Base; path = Base.lproj/LaunchScreen.xib; sourceTree = "<group>"; };
		E14EC5341AB13DC40060F45A /* GoGameTests.xctest */ = {isa = PBXFileReference; explicitFileType = wrapper.cfbundle; includeInIndex = 0; path = GoGameTests.xctest; sourceTree = BUILT_PRODUCTS_DIR; };
		E14EC5391AB13DC40060F45A /* Info.plist */ = {isa = PBXFileReference; lastKnownFileType = text.plist.xml; path = Info.plist; sourceTree = "<group>"; };
		E14EC53A1AB13DC40060F45A /* GoGameTests.swift */ = {isa = PBXFileReference; lastKnownFileType = sourcecode.swift; path = GoGameTests.swift; sourceTree = "<group>"; };
		E14EC5441AB13FDE0060F45A /* GoLogic.swift */ = {isa = PBXFileReference; fileEncoding = 4; lastKnownFileType = sourcecode.swift; path = GoLogic.swift; sourceTree = "<group>"; };
		E14EC5461AB3E7ED0060F45A /* GoBoard.swift */ = {isa = PBXFileReference; fileEncoding = 4; lastKnownFileType = sourcecode.swift; path = GoBoard.swift; sourceTree = "<group>"; };
/* End PBXFileReference section */

/* Begin PBXFrameworksBuildPhase section */
		E14EC51C1AB13DC40060F45A /* Frameworks */ = {
			isa = PBXFrameworksBuildPhase;
			buildActionMask = 2147483647;
			files = (
			);
			runOnlyForDeploymentPostprocessing = 0;
		};
		E14EC5311AB13DC40060F45A /* Frameworks */ = {
			isa = PBXFrameworksBuildPhase;
			buildActionMask = 2147483647;
			files = (
			);
			runOnlyForDeploymentPostprocessing = 0;
		};
/* End PBXFrameworksBuildPhase section */

/* Begin PBXGroup section */
		E14EC5161AB13DC40060F45A = {
			isa = PBXGroup;
			children = (
				E14EC5211AB13DC40060F45A /* GoGame */,
				E14EC5371AB13DC40060F45A /* GoGameTests */,
				E14EC5201AB13DC40060F45A /* Products */,
			);
			sourceTree = "<group>";
		};
		E14EC5201AB13DC40060F45A /* Products */ = {
			isa = PBXGroup;
			children = (
				E14EC51F1AB13DC40060F45A /* GoGame.app */,
				E14EC5341AB13DC40060F45A /* GoGameTests.xctest */,
			);
			name = Products;
			sourceTree = "<group>";
		};
		E14EC5211AB13DC40060F45A /* GoGame */ = {
			isa = PBXGroup;
			children = (
				E14EC5241AB13DC40060F45A /* AppDelegate.swift */,
				E14EC5261AB13DC40060F45A /* ViewController.swift */,
				E14EC5281AB13DC40060F45A /* Main.storyboard */,
				E14EC52B1AB13DC40060F45A /* Images.xcassets */,
				E14EC52D1AB13DC40060F45A /* LaunchScreen.xib */,
				E14EC5221AB13DC40060F45A /* Supporting Files */,
				E14EC5441AB13FDE0060F45A /* GoLogic.swift */,
				E14EC5461AB3E7ED0060F45A /* GoBoard.swift */,
			);
			path = GoGame;
			sourceTree = "<group>";
		};
		E14EC5221AB13DC40060F45A /* Supporting Files */ = {
			isa = PBXGroup;
			children = (
				E14EC5231AB13DC40060F45A /* Info.plist */,
			);
			name = "Supporting Files";
			sourceTree = "<group>";
		};
		E14EC5371AB13DC40060F45A /* GoGameTests */ = {
			isa = PBXGroup;
			children = (
				E14EC53A1AB13DC40060F45A /* GoGameTests.swift */,
				E14EC5381AB13DC40060F45A /* Supporting Files */,
			);
			path = GoGameTests;
			sourceTree = "<group>";
		};
		E14EC5381AB13DC40060F45A /* Supporting Files */ = {
			isa = PBXGroup;
			children = (
				E14EC5391AB13DC40060F45A /* Info.plist */,
			);
			name = "Supporting Files";
			sourceTree = "<group>";
		};
/* End PBXGroup section */

/* Begin PBXNativeTarget section */
		E14EC51E1AB13DC40060F45A /* GoGame */ = {
			isa = PBXNativeTarget;
			buildConfigurationList = E14EC53E1AB13DC40060F45A /* Build configuration list for PBXNativeTarget "GoGame" */;
			buildPhases = (
				E14EC51B1AB13DC40060F45A /* Sources */,
				E14EC51C1AB13DC40060F45A /* Frameworks */,
				E14EC51D1AB13DC40060F45A /* Resources */,
			);
			buildRules = (
			);
			dependencies = (
			);
			name = GoGame;
			productName = GoGame;
			productReference = E14EC51F1AB13DC40060F45A /* GoGame.app */;
			productType = "com.apple.product-type.application";
		};
		E14EC5331AB13DC40060F45A /* GoGameTests */ = {
			isa = PBXNativeTarget;
			buildConfigurationList = E14EC5411AB13DC40060F45A /* Build configuration list for PBXNativeTarget "GoGameTests" */;
			buildPhases = (
				E14EC5301AB13DC40060F45A /* Sources */,
				E14EC5311AB13DC40060F45A /* Frameworks */,
				E14EC5321AB13DC40060F45A /* Resources */,
			);
			buildRules = (
			);
			dependencies = (
				E14EC5361AB13DC40060F45A /* PBXTargetDependency */,
			);
			name = GoGameTests;
			productName = GoGameTests;
			productReference = E14EC5341AB13DC40060F45A /* GoGameTests.xctest */;
			productType = "com.apple.product-type.bundle.unit-test";
		};
/* End PBXNativeTarget section */

/* Begin PBXProject section */
		E14EC5171AB13DC40060F45A /* Project object */ = {
			isa = PBXProject;
			attributes = {
				LastUpgradeCheck = 0620;
				ORGANIZATIONNAME = "Josiah Grace";
				TargetAttributes = {
					E14EC51E1AB13DC40060F45A = {
						CreatedOnToolsVersion = 6.2;
					};
					E14EC5331AB13DC40060F45A = {
						CreatedOnToolsVersion = 6.2;
						TestTargetID = E14EC51E1AB13DC40060F45A;
					};
				};
			};
			buildConfigurationList = E14EC51A1AB13DC40060F45A /* Build configuration list for PBXProject "GoGame" */;
			compatibilityVersion = "Xcode 3.2";
			developmentRegion = English;
			hasScannedForEncodings = 0;
			knownRegions = (
				en,
				Base,
			);
			mainGroup = E14EC5161AB13DC40060F45A;
			productRefGroup = E14EC5201AB13DC40060F45A /* Products */;
			projectDirPath = "";
			projectRoot = "";
			targets = (
				E14EC51E1AB13DC40060F45A /* GoGame */,
				E14EC5331AB13DC40060F45A /* GoGameTests */,
			);
		};
/* End PBXProject section */

/* Begin PBXResourcesBuildPhase section */
		E14EC51D1AB13DC40060F45A /* Resources */ = {
			isa = PBXResourcesBuildPhase;
			buildActionMask = 2147483647;
			files = (
				E14EC52A1AB13DC40060F45A /* Main.storyboard in Resources */,
				E14EC52F1AB13DC40060F45A /* LaunchScreen.xib in Resources */,
				E14EC52C1AB13DC40060F45A /* Images.xcassets in Resources */,
			);
			runOnlyForDeploymentPostprocessing = 0;
		};
		E14EC5321AB13DC40060F45A /* Resources */ = {
			isa = PBXResourcesBuildPhase;
			buildActionMask = 2147483647;
			files = (
			);
			runOnlyForDeploymentPostprocessing = 0;
		};
/* End PBXResourcesBuildPhase section */

/* Begin PBXSourcesBuildPhase section */
		E14EC51B1AB13DC40060F45A /* Sources */ = {
			isa = PBXSourcesBuildPhase;
			buildActionMask = 2147483647;
			files = (
				E14EC5271AB13DC40060F45A /* ViewController.swift in Sources */,
				E14EC5451AB13FDE0060F45A /* GoLogic.swift in Sources */,
				E14EC5471AB3E7ED0060F45A /* GoBoard.swift in Sources */,
				E14EC5251AB13DC40060F45A /* AppDelegate.swift in Sources */,
			);
			runOnlyForDeploymentPostprocessing = 0;
		};
		E14EC5301AB13DC40060F45A /* Sources */ = {
			isa = PBXSourcesBuildPhase;
			buildActionMask = 2147483647;
			files = (
				E14EC53B1AB13DC40060F45A /* GoGameTests.swift in Sources */,
			);
			runOnlyForDeploymentPostprocessing = 0;
		};
/* End PBXSourcesBuildPhase section */

/* Begin PBXTargetDependency section */
		E14EC5361AB13DC40060F45A /* PBXTargetDependency */ = {
			isa = PBXTargetDependency;
			target = E14EC51E1AB13DC40060F45A /* GoGame */;
			targetProxy = E14EC5351AB13DC40060F45A /* PBXContainerItemProxy */;
		};
/* End PBXTargetDependency section */

/* Begin PBXVariantGroup section */
		E14EC5281AB13DC40060F45A /* Main.storyboard */ = {
			isa = PBXVariantGroup;
			children = (
				E14EC5291AB13DC40060F45A /* Base */,
			);
			name = Main.storyboard;
			sourceTree = "<group>";
		};
		E14EC52D1AB13DC40060F45A /* LaunchScreen.xib */ = {
			isa = PBXVariantGroup;
			children = (
				E14EC52E1AB13DC40060F45A /* Base */,
			);
			name = LaunchScreen.xib;
			sourceTree = "<group>";
		};
/* End PBXVariantGroup section */

/* Begin XCBuildConfiguration section */
		E14EC53C1AB13DC40060F45A /* Debug */ = {
			isa = XCBuildConfiguration;
			buildSettings = {
				ALWAYS_SEARCH_USER_PATHS = NO;
				CLANG_CXX_LANGUAGE_STANDARD = "gnu++0x";
				CLANG_CXX_LIBRARY = "libc++";
				CLANG_ENABLE_MODULES = YES;
				CLANG_ENABLE_OBJC_ARC = YES;
				CLANG_WARN_BOOL_CONVERSION = YES;
				CLANG_WARN_CONSTANT_CONVERSION = YES;
				CLANG_WARN_DIRECT_OBJC_ISA_USAGE = YES_ERROR;
				CLANG_WARN_EMPTY_BODY = YES;
				CLANG_WARN_ENUM_CONVERSION = YES;
				CLANG_WARN_INT_CONVERSION = YES;
				CLANG_WARN_OBJC_ROOT_CLASS = YES_ERROR;
				CLANG_WARN_UNREACHABLE_CODE = YES;
				CLANG_WARN__DUPLICATE_METHOD_MATCH = YES;
				"CODE_SIGN_IDENTITY[sdk=iphoneos*]" = "iPhone Developer";
				COPY_PHASE_STRIP = NO;
				ENABLE_STRICT_OBJC_MSGSEND = YES;
				GCC_C_LANGUAGE_STANDARD = gnu99;
				GCC_DYNAMIC_NO_PIC = NO;
				GCC_OPTIMIZATION_LEVEL = 0;
				GCC_PREPROCESSOR_DEFINITIONS = (
					"DEBUG=1",
					"$(inherited)",
				);
				GCC_SYMBOLS_PRIVATE_EXTERN = NO;
				GCC_WARN_64_TO_32_BIT_CONVERSION = YES;
				GCC_WARN_ABOUT_RETURN_TYPE = YES_ERROR;
				GCC_WARN_UNDECLARED_SELECTOR = YES;
				GCC_WARN_UNINITIALIZED_AUTOS = YES_AGGRESSIVE;
				GCC_WARN_UNUSED_FUNCTION = YES;
				GCC_WARN_UNUSED_VARIABLE = YES;
				IPHONEOS_DEPLOYMENT_TARGET = 8.2;
				MTL_ENABLE_DEBUG_INFO = YES;
				ONLY_ACTIVE_ARCH = YES;
				SDKROOT = iphoneos;
				SWIFT_OPTIMIZATION_LEVEL = "-Onone";
			};
			name = Debug;
		};
		E14EC53D1AB13DC40060F45A /* Release */ = {
			isa = XCBuildConfiguration;
			buildSettings = {
				ALWAYS_SEARCH_USER_PATHS = NO;
				CLANG_CXX_LANGUAGE_STANDARD = "gnu++0x";
				CLANG_CXX_LIBRARY = "libc++";
				CLANG_ENABLE_MODULES = YES;
				CLANG_ENABLE_OBJC_ARC = YES;
				CLANG_WARN_BOOL_CONVERSION = YES;
				CLANG_WARN_CONSTANT_CONVERSION = YES;
				CLANG_WARN_DIRECT_OBJC_ISA_USAGE = YES_ERROR;
				CLANG_WARN_EMPTY_BODY = YES;
				CLANG_WARN_ENUM_CONVERSION = YES;
				CLANG_WARN_INT_CONVERSION = YES;
				CLANG_WARN_OBJC_ROOT_CLASS = YES_ERROR;
				CLANG_WARN_UNREACHABLE_CODE = YES;
				CLANG_WARN__DUPLICATE_METHOD_MATCH = YES;
				"CODE_SIGN_IDENTITY[sdk=iphoneos*]" = "iPhone Developer";
				COPY_PHASE_STRIP = NO;
				ENABLE_NS_ASSERTIONS = NO;
				ENABLE_STRICT_OBJC_MSGSEND = YES;
				GCC_C_LANGUAGE_STANDARD = gnu99;
				GCC_WARN_64_TO_32_BIT_CONVERSION = YES;
				GCC_WARN_ABOUT_RETURN_TYPE = YES_ERROR;
				GCC_WARN_UNDECLARED_SELECTOR = YES;
				GCC_WARN_UNINITIALIZED_AUTOS = YES_AGGRESSIVE;
				GCC_WARN_UNUSED_FUNCTION = YES;
				GCC_WARN_UNUSED_VARIABLE = YES;
				IPHONEOS_DEPLOYMENT_TARGET = 8.2;
				MTL_ENABLE_DEBUG_INFO = NO;
				SDKROOT = iphoneos;
				VALIDATE_PRODUCT = YES;
			};
			name = Release;
		};
		E14EC53F1AB13DC40060F45A /* Debug */ = {
			isa = XCBuildConfiguration;
			buildSettings = {
				ASSETCATALOG_COMPILER_APPICON_NAME = AppIcon;
				INFOPLIST_FILE = GoGame/Info.plist;
				LD_RUNPATH_SEARCH_PATHS = "$(inherited) @executable_path/Frameworks";
				PRODUCT_NAME = "$(TARGET_NAME)";
			};
			name = Debug;
		};
		E14EC5401AB13DC40060F45A /* Release */ = {
			isa = XCBuildConfiguration;
			buildSettings = {
				ASSETCATALOG_COMPILER_APPICON_NAME = AppIcon;
				INFOPLIST_FILE = GoGame/Info.plist;
				LD_RUNPATH_SEARCH_PATHS = "$(inherited) @executable_path/Frameworks";
				PRODUCT_NAME = "$(TARGET_NAME)";
			};
			name = Release;
		};
		E14EC5421AB13DC40060F45A /* Debug */ = {
			isa = XCBuildConfiguration;
			buildSettings = {
				BUNDLE_LOADER = "$(TEST_HOST)";
				FRAMEWORK_SEARCH_PATHS = (
					"$(SDKROOT)/Developer/Library/Frameworks",
					"$(inherited)",
				);
				GCC_PREPROCESSOR_DEFINITIONS = (
					"DEBUG=1",
					"$(inherited)",
				);
				INFOPLIST_FILE = GoGameTests/Info.plist;
				LD_RUNPATH_SEARCH_PATHS = "$(inherited) @executable_path/Frameworks @loader_path/Frameworks";
				PRODUCT_NAME = "$(TARGET_NAME)";
				TEST_HOST = "$(BUILT_PRODUCTS_DIR)/GoGame.app/GoGame";
			};
			name = Debug;
		};
		E14EC5431AB13DC40060F45A /* Release */ = {
			isa = XCBuildConfiguration;
			buildSettings = {
				BUNDLE_LOADER = "$(TEST_HOST)";
				FRAMEWORK_SEARCH_PATHS = (
					"$(SDKROOT)/Developer/Library/Frameworks",
					"$(inherited)",
				);
				INFOPLIST_FILE = GoGameTests/Info.plist;
				LD_RUNPATH_SEARCH_PATHS = "$(inherited) @executable_path/Frameworks @loader_path/Frameworks";
				PRODUCT_NAME = "$(TARGET_NAME)";
				TEST_HOST = "$(BUILT_PRODUCTS_DIR)/GoGame.app/GoGame";
			};
			name = Release;
		};
/* End XCBuildConfiguration section */

/* Begin XCConfigurationList section */
		E14EC51A1AB13DC40060F45A /* Build configuration list for PBXProject "GoGame" */ = {
			isa = XCConfigurationList;
			buildConfigurations = (
				E14EC53C1AB13DC40060F45A /* Debug */,
				E14EC53D1AB13DC40060F45A /* Release */,
			);
			defaultConfigurationIsVisible = 0;
			defaultConfigurationName = Release;
		};
		E14EC53E1AB13DC40060F45A /* Build configuration list for PBXNativeTarget "GoGame" */ = {
			isa = XCConfigurationList;
			buildConfigurations = (
				E14EC53F1AB13DC40060F45A /* Debug */,
				E14EC5401AB13DC40060F45A /* Release */,
			);
			defaultConfigurationIsVisible = 0;
		};
		E14EC5411AB13DC40060F45A /* Build configuration list for PBXNativeTarget "GoGameTests" */ = {
			isa = XCConfigurationList;
			buildConfigurations = (
				E14EC5421AB13DC40060F45A /* Debug */,
				E14EC5431AB13DC40060F45A /* Release */,
			);
			defaultConfigurationIsVisible = 0;
		};
/* End XCConfigurationList section */
	};
	rootObject = E14EC5171AB13DC40060F45A /* Project object */;
}
